<?xml version="1.0" encoding="UTF-8" standalone="yes" ?>
<CodeBlocks_project_file>
	<FileVersion major="1" minor="6" />
	<Project>
		<Option title="FTPv3" />
		<Option pch_mode="2" />
		<Option compiler="gcc" />
		<Build>
			<Target title="Debug">
				<Option output="bin/Debug/FTPv3" prefix_auto="1" extension_auto="1" />
				<Option object_output="obj/Debug/" />
				<Option type="1" />
				<Option compiler="gcc" />
				<Compiler>
					<Add option="-g" />
					<Add directory="include" />
					<Add directory="D:/DOCUMENT/Do An LTHTM/FTPv3/include" />
				</Compiler>
				<Linker>
					<Add library="ws2_32" />
				</Linker>
			</Target>
			<Target title="Release">
				<Option output="bin/Release/FTPv3" prefix_auto="1" extension_auto="1" />
				<Option object_output="obj/Release/" />
				<Option type="1" />
				<Option compiler="gcc" />
				<Compiler>
					<Add option="-O2" />
					<Add directory="include" />
				</Compiler>
				<Linker>
					<Add option="-s" />
				</Linker>
			</Target>
		</Build>
		<Compiler>
			<Add option="-Wall" />
			<Add option="-fexceptions" />
		</Compiler>
		<Unit filename="EchoTcpClient.cpp" />
		<Unit filename="Echoftpcli.cpp" />
		<Unit filename="TcpClient.cpp" />
		<Unit filename="cli.cpp" />
		<Unit filename="include/EchoTcpClient.h" />
		<Unit filename="include/Echoftpcli.h" />
		<Unit filename="include/TcpClient.h" />
		<Unit filename="include/cli.h" />
		<Unit filename="include/serverconfig.h" />
		<Unit filename="include/session.h" />
		<Unit filename="include/socket.h" />
		<Unit filename="include/tcpserver.h" />
		<Unit filename="include/tcpserversocket.h" />
		<Unit filename="include/tcpsocket.h" />
		<Unit filename="main.cpp" />
		<Unit filename="serverconfig.cpp" />
		<Unit filename="session.cpp" />
		<Unit filename="socket.cpp" />
		<Unit filename="tcpserver.cpp" />
		<Unit filename="tcpserversocket.cpp" />
		<Unit filename="tcpsocket.cpp" />
		<Extensions>
			<lib_finder disable_auto="1" />
		</Extensions>
	</Project>
</CodeBlocks_project_file>
